
Microsoft Visual Studio Solution File, Format Version 12.00
# Visual Studio 15
VisualStudioVersion = 15.0.28307.902
MinimumVisualStudioVersion = 10.0.40219.1
Project("{FAE04EC0-301F-11D3-BF4B-00C04F79EFBC}") = "Huiting.Common", "Huiting.Common\Huiting.Common.csproj", "{50D6A0C0-6BFF-4128-9FF2-468F341FF098}"
EndProject
Project("{FAE04EC0-301F-11D3-BF4B-00C04F79EFBC}") = "Huiting.Components", "Huiting.Components\Huiting.Components.csproj", "{644638B2-BCF7-4C9B-B2A3-A0448B1613CA}"
EndProject
Project("{FAE04EC0-301F-11D3-BF4B-00C04F79EFBC}") = "Huiting.ExcelOperation", "Huiting.ExcelOperation\Huiting.ExcelOperation.csproj", "{A2072BFF-A201-4B69-BA1B-CDA4C3F2E80D}"
EndProject
Project("{2150E333-8FDC-42A3-9474-1A3956D46DE8}") = "Huiting.Public", "Huiting.Public", "{7A265F76-DC3F-4386-B0A7-4A2CF26193BB}"
EndProject
Project("{FAE04EC0-301F-11D3-BF4B-00C04F79EFBC}") = "Huiting.DevComponents", "Huiting.DevComponents\Huiting.DevComponents.csproj", "{7C58B6C6-2588-4871-835B-6210D3F28CEA}"
EndProject
Project("{FAE04EC0-301F-11D3-BF4B-00C04F79EFBC}") = "Huiting.DataEditor", "Huiting.DataEditor\Huiting.DataEditor.csproj", "{FF8E993D-4BD5-414F-BBAC-EECD61C91B94}"
EndProject
Project("{FAE04EC0-301F-11D3-BF4B-00C04F79EFBC}") = "Huiting.DBAccess", "Huiting.DBAccess\Huiting.DBAccess.csproj", "{41A59410-9945-4609-8CA2-8A8E2A2F08A1}"
EndProject
Project("{FAE04EC0-301F-11D3-BF4B-00C04F79EFBC}") = "ReserveCommon", "Huiting.ReserveCommon\ReserveCommon.csproj", "{DE3E6B4C-A4E1-4647-A903-C02E00A29FB6}"
EndProject
Project("{FAE04EC0-301F-11D3-BF4B-00C04F79EFBC}") = "ReserveComponents", "Huiting.ReserveComponents\ReserveComponents.csproj", "{48844292-F721-4198-B831-D3CDD163C1AC}"
EndProject
Project("{FAE04EC0-301F-11D3-BF4B-00C04F79EFBC}") = "ReserveAnalysis", "Huiting.ReserveAnalysis\ReserveAnalysis.csproj", "{9EF2EE83-6F76-41DE-9518-1380A222C3C1}"
EndProject
Global
	GlobalSection(SolutionConfigurationPlatforms) = preSolution
		Debug|Any CPU = Debug|Any CPU
		Release|Any CPU = Release|Any CPU
	EndGlobalSection
	GlobalSection(ProjectConfigurationPlatforms) = postSolution
		{50D6A0C0-6BFF-4128-9FF2-468F341FF098}.Debug|Any CPU.ActiveCfg = Debug|Any CPU
		{50D6A0C0-6BFF-4128-9FF2-468F341FF098}.Debug|Any CPU.Build.0 = Debug|Any CPU
		{50D6A0C0-6BFF-4128-9FF2-468F341FF098}.Release|Any CPU.ActiveCfg = Release|Any CPU
		{50D6A0C0-6BFF-4128-9FF2-468F341FF098}.Release|Any CPU.Build.0 = Release|Any CPU
		{644638B2-BCF7-4C9B-B2A3-A0448B1613CA}.Debug|Any CPU.ActiveCfg = Debug|Any CPU
		{644638B2-BCF7-4C9B-B2A3-A0448B1613CA}.Debug|Any CPU.Build.0 = Debug|Any CPU
		{644638B2-BCF7-4C9B-B2A3-A0448B1613CA}.Release|Any CPU.ActiveCfg = Release|Any CPU
		{644638B2-BCF7-4C9B-B2A3-A0448B1613CA}.Release|Any CPU.Build.0 = Release|Any CPU
		{A2072BFF-A201-4B69-BA1B-CDA4C3F2E80D}.Debug|Any CPU.ActiveCfg = Debug|Any CPU
		{A2072BFF-A201-4B69-BA1B-CDA4C3F2E80D}.Debug|Any CPU.Build.0 = Debug|Any CPU
		{A2072BFF-A201-4B69-BA1B-CDA4C3F2E80D}.Release|Any CPU.ActiveCfg = Release|Any CPU
		{A2072BFF-A201-4B69-BA1B-CDA4C3F2E80D}.Release|Any CPU.Build.0 = Release|Any CPU
		{7C58B6C6-2588-4871-835B-6210D3F28CEA}.Debug|Any CPU.ActiveCfg = Debug|Any CPU
		{7C58B6C6-2588-4871-835B-6210D3F28CEA}.Debug|Any CPU.Build.0 = Debug|Any CPU
		{7C58B6C6-2588-4871-835B-6210D3F28CEA}.Release|Any CPU.ActiveCfg = Release|Any CPU
		{7C58B6C6-2588-4871-835B-6210D3F28CEA}.Release|Any CPU.Build.0 = Release|Any CPU
		{FF8E993D-4BD5-414F-BBAC-EECD61C91B94}.Debug|Any CPU.ActiveCfg = Debug|Any CPU
		{FF8E993D-4BD5-414F-BBAC-EECD61C91B94}.Debug|Any CPU.Build.0 = Debug|Any CPU
		{FF8E993D-4BD5-414F-BBAC-EECD61C91B94}.Release|Any CPU.ActiveCfg = Release|Any CPU
		{FF8E993D-4BD5-414F-BBAC-EECD61C91B94}.Release|Any CPU.Build.0 = Release|Any CPU
		{41A59410-9945-4609-8CA2-8A8E2A2F08A1}.Debug|Any CPU.ActiveCfg = Debug|Any CPU
		{41A59410-9945-4609-8CA2-8A8E2A2F08A1}.Debug|Any CPU.Build.0 = Debug|Any CPU
		{41A59410-9945-4609-8CA2-8A8E2A2F08A1}.Release|Any CPU.ActiveCfg = Release|Any CPU
		{41A59410-9945-4609-8CA2-8A8E2A2F08A1}.Release|Any CPU.Build.0 = Release|Any CPU
		{DE3E6B4C-A4E1-4647-A903-C02E00A29FB6}.Debug|Any CPU.ActiveCfg = Debug|Any CPU
		{DE3E6B4C-A4E1-4647-A903-C02E00A29FB6}.Debug|Any CPU.Build.0 = Debug|Any CPU
		{DE3E6B4C-A4E1-4647-A903-C02E00A29FB6}.Release|Any CPU.ActiveCfg = Release|Any CPU
		{DE3E6B4C-A4E1-4647-A903-C02E00A29FB6}.Release|Any CPU.Build.0 = Release|Any CPU
		{48844292-F721-4198-B831-D3CDD163C1AC}.Debug|Any CPU.ActiveCfg = Debug|Any CPU
		{48844292-F721-4198-B831-D3CDD163C1AC}.Debug|Any CPU.Build.0 = Debug|Any CPU
		{48844292-F721-4198-B831-D3CDD163C1AC}.Release|Any CPU.ActiveCfg = Release|Any CPU
		{48844292-F721-4198-B831-D3CDD163C1AC}.Release|Any CPU.Build.0 = Release|Any CPU
		{9EF2EE83-6F76-41DE-9518-1380A222C3C1}.Debug|Any CPU.ActiveCfg = Debug|Any CPU
		{9EF2EE83-6F76-41DE-9518-1380A222C3C1}.Debug|Any CPU.Build.0 = Debug|Any CPU
		{9EF2EE83-6F76-41DE-9518-1380A222C3C1}.Release|Any CPU.ActiveCfg = Release|Any CPU
		{9EF2EE83-6F76-41DE-9518-1380A222C3C1}.Release|Any CPU.Build.0 = Release|Any CPU
	EndGlobalSection
	GlobalSection(SolutionProperties) = preSolution
		HideSolutionNode = FALSE
	EndGlobalSection
	GlobalSection(NestedProjects) = preSolution
		{50D6A0C0-6BFF-4128-9FF2-468F341FF098} = {7A265F76-DC3F-4386-B0A7-4A2CF26193BB}
		{644638B2-BCF7-4C9B-B2A3-A0448B1613CA} = {7A265F76-DC3F-4386-B0A7-4A2CF26193BB}
		{A2072BFF-A201-4B69-BA1B-CDA4C3F2E80D} = {7A265F76-DC3F-4386-B0A7-4A2CF26193BB}
		{7C58B6C6-2588-4871-835B-6210D3F28CEA} = {7A265F76-DC3F-4386-B0A7-4A2CF26193BB}
	EndGlobalSection
	GlobalSection(ExtensibilityGlobals) = postSolution
		SolutionGuid = {1C5388B4-E6F1-4DAA-AAB7-791289CE84FC}
	EndGlobalSection
EndGlobal
