
Microsoft Visual Studio Solution File, Format Version 12.00
# Visual Studio 15
VisualStudioVersion = 15.0.28307.902
MinimumVisualStudioVersion = 10.0.40219.1
Project("{FAE04EC0-301F-11D3-BF4B-00C04F79EFBC}") = "Huiting.Common", "Huiting.Common\Huiting.Common.csproj", "{50D6A0C0-6BFF-4128-9FF2-468F341FF098}"
EndProject
Project("{FAE04EC0-301F-11D3-BF4B-00C04F79EFBC}") = "Huiting.Components", "Huiting.Components\Huiting.Components.csproj", "{644638B2-BCF7-4C9B-B2A3-A0448B1613CA}"
EndProject
Project("{FAE04EC0-301F-11D3-BF4B-00C04F79EFBC}") = "Huiting.DataEditor", "Huiting.DataEditor\Huiting.DataEditor.csproj", "{FF8E993D-4BD5-414F-BBAC-EECD61C91B94}"
EndProject
Project("{FAE04EC0-301F-11D3-BF4B-00C04F79EFBC}") = "Huiting.ExcelOperation", "Huiting.ExcelOperation\Huiting.ExcelOperation.csproj", "{A2072BFF-A201-4B69-BA1B-CDA4C3F2E80D}"
EndProject
Project("{FAE04EC0-301F-11D3-BF4B-00C04F79EFBC}") = "Huiting.DB.Common", "Huiting.DB.Common\Huiting.DB.Common.csproj", "{FACC316E-A758-457D-BB48-50242E33E7E1}"
EndProject
Project("{FAE04EC0-301F-11D3-BF4B-00C04F79EFBC}") = "Huiting.DB.Contract", "Huiting.DB.Contract\Huiting.DB.Contract.csproj", "{73FA6641-BA32-4F10-9AB8-CD41DA69F32A}"
EndProject
Project("{FAE04EC0-301F-11D3-BF4B-00C04F79EFBC}") = "Huiting.DB.Access", "Huiting.DB.Access\Huiting.DB.Access.csproj", "{41A59410-9945-4609-8CA2-8A8E2A2F08A1}"
EndProject
Project("{2150E333-8FDC-42A3-9474-1A3956D46DE8}") = "Huiting.DB", "Huiting.DB", "{924A7CC7-7F09-4E65-87DC-159C89933AB5}"
EndProject
Project("{2150E333-8FDC-42A3-9474-1A3956D46DE8}") = "Huiting.Public", "Huiting.Public", "{7A265F76-DC3F-4386-B0A7-4A2CF26193BB}"
EndProject
Global
	GlobalSection(SolutionConfigurationPlatforms) = preSolution
		Debug|Any CPU = Debug|Any CPU
		Release|Any CPU = Release|Any CPU
	EndGlobalSection
	GlobalSection(ProjectConfigurationPlatforms) = postSolution
		{50D6A0C0-6BFF-4128-9FF2-468F341FF098}.Debug|Any CPU.ActiveCfg = Debug|Any CPU
		{50D6A0C0-6BFF-4128-9FF2-468F341FF098}.Debug|Any CPU.Build.0 = Debug|Any CPU
		{50D6A0C0-6BFF-4128-9FF2-468F341FF098}.Release|Any CPU.ActiveCfg = Release|Any CPU
		{50D6A0C0-6BFF-4128-9FF2-468F341FF098}.Release|Any CPU.Build.0 = Release|Any CPU
		{644638B2-BCF7-4C9B-B2A3-A0448B1613CA}.Debug|Any CPU.ActiveCfg = Debug|Any CPU
		{644638B2-BCF7-4C9B-B2A3-A0448B1613CA}.Debug|Any CPU.Build.0 = Debug|Any CPU
		{644638B2-BCF7-4C9B-B2A3-A0448B1613CA}.Release|Any CPU.ActiveCfg = Release|Any CPU
		{644638B2-BCF7-4C9B-B2A3-A0448B1613CA}.Release|Any CPU.Build.0 = Release|Any CPU
		{FF8E993D-4BD5-414F-BBAC-EECD61C91B94}.Debug|Any CPU.ActiveCfg = Debug|Any CPU
		{FF8E993D-4BD5-414F-BBAC-EECD61C91B94}.Debug|Any CPU.Build.0 = Debug|Any CPU
		{FF8E993D-4BD5-414F-BBAC-EECD61C91B94}.Release|Any CPU.ActiveCfg = Release|Any CPU
		{FF8E993D-4BD5-414F-BBAC-EECD61C91B94}.Release|Any CPU.Build.0 = Release|Any CPU
		{A2072BFF-A201-4B69-BA1B-CDA4C3F2E80D}.Debug|Any CPU.ActiveCfg = Debug|Any CPU
		{A2072BFF-A201-4B69-BA1B-CDA4C3F2E80D}.Debug|Any CPU.Build.0 = Debug|Any CPU
		{A2072BFF-A201-4B69-BA1B-CDA4C3F2E80D}.Release|Any CPU.ActiveCfg = Release|Any CPU
		{A2072BFF-A201-4B69-BA1B-CDA4C3F2E80D}.Release|Any CPU.Build.0 = Release|Any CPU
		{FACC316E-A758-457D-BB48-50242E33E7E1}.Debug|Any CPU.ActiveCfg = Debug|Any CPU
		{FACC316E-A758-457D-BB48-50242E33E7E1}.Debug|Any CPU.Build.0 = Debug|Any CPU
		{FACC316E-A758-457D-BB48-50242E33E7E1}.Release|Any CPU.ActiveCfg = Release|Any CPU
		{FACC316E-A758-457D-BB48-50242E33E7E1}.Release|Any CPU.Build.0 = Release|Any CPU
		{73FA6641-BA32-4F10-9AB8-CD41DA69F32A}.Debug|Any CPU.ActiveCfg = Debug|Any CPU
		{73FA6641-BA32-4F10-9AB8-CD41DA69F32A}.Debug|Any CPU.Build.0 = Debug|Any CPU
		{73FA6641-BA32-4F10-9AB8-CD41DA69F32A}.Release|Any CPU.ActiveCfg = Release|Any CPU
		{73FA6641-BA32-4F10-9AB8-CD41DA69F32A}.Release|Any CPU.Build.0 = Release|Any CPU
		{41A59410-9945-4609-8CA2-8A8E2A2F08A1}.Debug|Any CPU.ActiveCfg = Debug|Any CPU
		{41A59410-9945-4609-8CA2-8A8E2A2F08A1}.Debug|Any CPU.Build.0 = Debug|Any CPU
		{41A59410-9945-4609-8CA2-8A8E2A2F08A1}.Release|Any CPU.ActiveCfg = Release|Any CPU
		{41A59410-9945-4609-8CA2-8A8E2A2F08A1}.Release|Any CPU.Build.0 = Release|Any CPU
	EndGlobalSection
	GlobalSection(SolutionProperties) = preSolution
		HideSolutionNode = FALSE
	EndGlobalSection
	GlobalSection(NestedProjects) = preSolution
		{50D6A0C0-6BFF-4128-9FF2-468F341FF098} = {7A265F76-DC3F-4386-B0A7-4A2CF26193BB}
		{644638B2-BCF7-4C9B-B2A3-A0448B1613CA} = {7A265F76-DC3F-4386-B0A7-4A2CF26193BB}
		{A2072BFF-A201-4B69-BA1B-CDA4C3F2E80D} = {7A265F76-DC3F-4386-B0A7-4A2CF26193BB}
		{FACC316E-A758-457D-BB48-50242E33E7E1} = {924A7CC7-7F09-4E65-87DC-159C89933AB5}
		{73FA6641-BA32-4F10-9AB8-CD41DA69F32A} = {924A7CC7-7F09-4E65-87DC-159C89933AB5}
		{41A59410-9945-4609-8CA2-8A8E2A2F08A1} = {924A7CC7-7F09-4E65-87DC-159C89933AB5}
	EndGlobalSection
	GlobalSection(ExtensibilityGlobals) = postSolution
		SolutionGuid = {1C5388B4-E6F1-4DAA-AAB7-791289CE84FC}
	EndGlobalSection
EndGlobal
